{
  "name": "zoominfo-api-auth-client",
  "version": "1.0.0",
  "lockfileVersion": 1,
  "requires": true,
  "dependencies": {
    "axios": {
      "version": "0.21.1",
      "resolved": "https://zoominfo.jfrog.io/artifactory/api/npm/virtual-npm/axios/-/axios-0.21.1.tgz",
      "integrity": "sha1-IlY0gZYvTWvemnbVFu8OXTwJsrg=",
      "requires": {
        "follow-redirects": "^1.10.0"
      }
    },
    "follow-redirects": {
      "version": "1.14.1",
      "resolved": "https://zoominfo.jfrog.io/artifactory/api/npm/virtual-npm/follow-redirects/-/follow-redirects-1.14.1.tgz",
      "integrity": "sha1-2RFN7Qoc/dM04WTmZirQK/2R/0M="
    },
    "jsrsasign": {
      "version": "8.0.15",
      "resolved": "https://registry.npmjs.org/jsrsasign/-/jsrsasign-8.0.15.tgz",
      "integrity": "sha512-6UKHqnNs5lYROn03wf1BTw7DQx5tW616DTigjbo0JHV97D3HzIqYmPVCBSNsfEfQOrfpFqmPZJvaC3cMNOT0Yw=="
    }
  }
}
